
Microsoft Visual Studio Solution File, Format Version 12.00
# Visual Studio Version 17
VisualStudioVersion = 17.7.34024.191
MinimumVisualStudioVersion = 10.0.40219.1
Project("{FAE04EC0-301F-11D3-BF4B-00C04F79EFBC}") = "Treinamento.Web", "Treinamento.Web\Treinamento.Web.csproj", "{14FA492A-7652-4034-BEF9-7E4AD5528183}"
	ProjectSection(ProjectDependencies) = postProject
		{4A38BBF4-34C3-4297-8A7B-E036F7062408} = {4A38BBF4-34C3-4297-8A7B-E036F7062408}
	EndProjectSection
EndProject
Project("{FAE04EC0-301F-11D3-BF4B-00C04F79EFBC}") = "Europa", "Europa\Europa.csproj", "{4A38BBF4-34C3-4297-8A7B-E036F7062408}"
EndProject
Global
	GlobalSection(SolutionConfigurationPlatforms) = preSolution
		Debug|Any CPU = Debug|Any CPU
		Release|Any CPU = Release|Any CPU
	EndGlobalSection
	GlobalSection(ProjectConfigurationPlatforms) = postSolution
		{14FA492A-7652-4034-BEF9-7E4AD5528183}.Debug|Any CPU.ActiveCfg = Debug|Any CPU
		{14FA492A-7652-4034-BEF9-7E4AD5528183}.Debug|Any CPU.Build.0 = Debug|Any CPU
		{14FA492A-7652-4034-BEF9-7E4AD5528183}.Release|Any CPU.ActiveCfg = Release|Any CPU
		{14FA492A-7652-4034-BEF9-7E4AD5528183}.Release|Any CPU.Build.0 = Release|Any CPU
		{4A38BBF4-34C3-4297-8A7B-E036F7062408}.Debug|Any CPU.ActiveCfg = Debug|Any CPU
		{4A38BBF4-34C3-4297-8A7B-E036F7062408}.Debug|Any CPU.Build.0 = Debug|Any CPU
		{4A38BBF4-34C3-4297-8A7B-E036F7062408}.Release|Any CPU.ActiveCfg = Release|Any CPU
		{4A38BBF4-34C3-4297-8A7B-E036F7062408}.Release|Any CPU.Build.0 = Release|Any CPU
	EndGlobalSection
	GlobalSection(SolutionProperties) = preSolution
		HideSolutionNode = FALSE
	EndGlobalSection
	GlobalSection(ExtensibilityGlobals) = postSolution
		SolutionGuid = {6E00A57B-B59C-4F19-A3D5-621F57A2372F}
	EndGlobalSection
EndGlobal
